
Microsoft Visual Studio Solution File, Format Version 12.00
# Visual Studio 15
VisualStudioVersion = 15.0.28307.572
MinimumVisualStudioVersion = 10.0.40219.1
Project("{9A19103F-16F7-4668-BE54-9A1E7A4F7556}") = "IdentityServerService", "IdentityServerService\IdentityServerService.csproj", "{2992E036-369A-4207-96BD-5C2A5064493A}"
EndProject
Global
	GlobalSection(SolutionConfigurationPlatforms) = preSolution
		Debug|Any CPU = Debug|Any CPU
		Release|Any CPU = Release|Any CPU
	EndGlobalSection
	GlobalSection(ProjectConfigurationPlatforms) = postSolution
		{2992E036-369A-4207-96BD-5C2A5064493A}.Debug|Any CPU.ActiveCfg = Debug|Any CPU
		{2992E036-369A-4207-96BD-5C2A5064493A}.Debug|Any CPU.Build.0 = Debug|Any CPU
		{2992E036-369A-4207-96BD-5C2A5064493A}.Release|Any CPU.ActiveCfg = Release|Any CPU
		{2992E036-369A-4207-96BD-5C2A5064493A}.Release|Any CPU.Build.0 = Release|Any CPU
	EndGlobalSection
	GlobalSection(SolutionProperties) = preSolution
		HideSolutionNode = FALSE
	EndGlobalSection
	GlobalSection(ExtensibilityGlobals) = postSolution
		SolutionGuid = {69F5C67F-9333-4946-963D-A69A7180D14C}
	EndGlobalSection
EndGlobal
